// !$*UTF8*$!
{
	archiveVersion = 1;
	classes = {
	};
	objectVersion = 48;
	objects = {

/* Begin PBXBuildFile section */
		5B19B25B208C7C11002FF670 /* AppDelegate.swift in Sources */ = {isa = PBXBuildFile; fileRef = 5B19B25A208C7C11002FF670 /* AppDelegate.swift */; };
		5B19B25D208C7C11002FF670 /* ViewController.swift in Sources */ = {isa = PBXBuildFile; fileRef = 5B19B25C208C7C11002FF670 /* ViewController.swift */; };
		5B19B260208C7C11002FF670 /* Main.storyboard in Resources */ = {isa = PBXBuildFile; fileRef = 5B19B25E208C7C11002FF670 /* Main.storyboard */; };
		5B19B262208C7C11002FF670 /* Assets.xcassets in Resources */ = {isa = PBXBuildFile; fileRef = 5B19B261208C7C11002FF670 /* Assets.xcassets */; };
		5B19B265208C7C11002FF670 /* LaunchScreen.storyboard in Resources */ = {isa = PBXBuildFile; fileRef = 5B19B263208C7C11002FF670 /* LaunchScreen.storyboard */; };
		5B19B270208C7C11002FF670 /* CollectionTests.swift in Sources */ = {isa = PBXBuildFile; fileRef = 5B19B26F208C7C11002FF670 /* CollectionTests.swift */; };
		5B19B27B208C7E3D002FF670 /* Collection.swift in Sources */ = {isa = PBXBuildFile; fileRef = 5B19B27A208C7E3D002FF670 /* Collection.swift */; };
		5B19B27D208CDCF7002FF670 /* CollectionCell.swift in Sources */ = {isa = PBXBuildFile; fileRef = 5B19B27C208CDCF7002FF670 /* CollectionCell.swift */; };
		5B3750712090D52000276E40 /* CollectionLayout.swift in Sources */ = {isa = PBXBuildFile; fileRef = 5B3750702090D52000276E40 /* CollectionLayout.swift */; };
		5B3750732096A8D100276E40 /* SliderCell.swift in Sources */ = {isa = PBXBuildFile; fileRef = 5B3750722096A8D100276E40 /* SliderCell.swift */; };
		5B3750752096E3FC00276E40 /* CollectionAnimator.swift in Sources */ = {isa = PBXBuildFile; fileRef = 5B3750742096E3FC00276E40 /* CollectionAnimator.swift */; };
		5B37507B20B1489800276E40 /* CubeAnimator.swift in Sources */ = {isa = PBXBuildFile; fileRef = 5B37507A20B1489800276E40 /* CubeAnimator.swift */; };
		5B37507D20B14EC100276E40 /* ScaleAnimator.swift in Sources */ = {isa = PBXBuildFile; fileRef = 5B37507C20B14EC100276E40 /* ScaleAnimator.swift */; };
		5B37507F20B1583300276E40 /* UIView+AnchorPoint.swift in Sources */ = {isa = PBXBuildFile; fileRef = 5B37507E20B1583300276E40 /* UIView+AnchorPoint.swift */; };
/* End PBXBuildFile section */

/* Begin PBXContainerItemProxy section */
		5B19B26C208C7C11002FF670 /* PBXContainerItemProxy */ = {
			isa = PBXContainerItemProxy;
			containerPortal = 5B19B24F208C7C11002FF670 /* Project object */;
			proxyType = 1;
			remoteGlobalIDString = 5B19B256208C7C11002FF670;
			remoteInfo = Collection;
		};
/* End PBXContainerItemProxy section */

/* Begin PBXFileReference section */
		5B19B257208C7C11002FF670 /* Collection.app */ = {isa = PBXFileReference; explicitFileType = wrapper.application; includeInIndex = 0; path = Collection.app; sourceTree = BUILT_PRODUCTS_DIR; };
		5B19B25A208C7C11002FF670 /* AppDelegate.swift */ = {isa = PBXFileReference; lastKnownFileType = sourcecode.swift; path = AppDelegate.swift; sourceTree = "<group>"; };
		5B19B25C208C7C11002FF670 /* ViewController.swift */ = {isa = PBXFileReference; lastKnownFileType = sourcecode.swift; path = ViewController.swift; sourceTree = "<group>"; };
		5B19B25F208C7C11002FF670 /* Base */ = {isa = PBXFileReference; lastKnownFileType = file.storyboard; name = Base; path = Base.lproj/Main.storyboard; sourceTree = "<group>"; };
		5B19B261208C7C11002FF670 /* Assets.xcassets */ = {isa = PBXFileReference; lastKnownFileType = folder.assetcatalog; path = Assets.xcassets; sourceTree = "<group>"; };
		5B19B264208C7C11002FF670 /* Base */ = {isa = PBXFileReference; lastKnownFileType = file.storyboard; name = Base; path = Base.lproj/LaunchScreen.storyboard; sourceTree = "<group>"; };
		5B19B266208C7C11002FF670 /* Info.plist */ = {isa = PBXFileReference; lastKnownFileType = text.plist.xml; path = Info.plist; sourceTree = "<group>"; };
		5B19B26B208C7C11002FF670 /* CollectionTests.xctest */ = {isa = PBXFileReference; explicitFileType = wrapper.cfbundle; includeInIndex = 0; path = CollectionTests.xctest; sourceTree = BUILT_PRODUCTS_DIR; };
		5B19B26F208C7C11002FF670 /* CollectionTests.swift */ = {isa = PBXFileReference; lastKnownFileType = sourcecode.swift; path = CollectionTests.swift; sourceTree = "<group>"; };
		5B19B271208C7C11002FF670 /* Info.plist */ = {isa = PBXFileReference; lastKnownFileType = text.plist.xml; path = Info.plist; sourceTree = "<group>"; };
		5B19B27A208C7E3D002FF670 /* Collection.swift */ = {isa = PBXFileReference; lastKnownFileType = sourcecode.swift; path = Collection.swift; sourceTree = "<group>"; };
		5B19B27C208CDCF7002FF670 /* CollectionCell.swift */ = {isa = PBXFileReference; lastKnownFileType = sourcecode.swift; path = CollectionCell.swift; sourceTree = "<group>"; };
		5B3750702090D52000276E40 /* CollectionLayout.swift */ = {isa = PBXFileReference; lastKnownFileType = sourcecode.swift; path = CollectionLayout.swift; sourceTree = "<group>"; };
		5B3750722096A8D100276E40 /* SliderCell.swift */ = {isa = PBXFileReference; lastKnownFileType = sourcecode.swift; path = SliderCell.swift; sourceTree = "<group>"; };
		5B3750742096E3FC00276E40 /* CollectionAnimator.swift */ = {isa = PBXFileReference; lastKnownFileType = sourcecode.swift; path = CollectionAnimator.swift; sourceTree = "<group>"; };
		5B37507A20B1489800276E40 /* CubeAnimator.swift */ = {isa = PBXFileReference; lastKnownFileType = sourcecode.swift; path = CubeAnimator.swift; sourceTree = "<group>"; };
		5B37507C20B14EC100276E40 /* ScaleAnimator.swift */ = {isa = PBXFileReference; lastKnownFileType = sourcecode.swift; path = ScaleAnimator.swift; sourceTree = "<group>"; };
		5B37507E20B1583300276E40 /* UIView+AnchorPoint.swift */ = {isa = PBXFileReference; lastKnownFileType = sourcecode.swift; path = "UIView+AnchorPoint.swift"; sourceTree = "<group>"; };
/* End PBXFileReference section */

/* Begin PBXFrameworksBuildPhase section */
		5B19B254208C7C11002FF670 /* Frameworks */ = {
			isa = PBXFrameworksBuildPhase;
			buildActionMask = 2147483647;
			files = (
			);
			runOnlyForDeploymentPostprocessing = 0;
		};
		5B19B268208C7C11002FF670 /* Frameworks */ = {
			isa = PBXFrameworksBuildPhase;
			buildActionMask = 2147483647;
			files = (
			);
			runOnlyForDeploymentPostprocessing = 0;
		};
/* End PBXFrameworksBuildPhase section */

/* Begin PBXGroup section */
		5B19B24E208C7C11002FF670 = {
			isa = PBXGroup;
			children = (
				5B19B259208C7C11002FF670 /* Collection */,
				5B19B26E208C7C11002FF670 /* CollectionTests */,
				5B19B258208C7C11002FF670 /* Products */,
			);
			sourceTree = "<group>";
		};
		5B19B258208C7C11002FF670 /* Products */ = {
			isa = PBXGroup;
			children = (
				5B19B257208C7C11002FF670 /* Collection.app */,
				5B19B26B208C7C11002FF670 /* CollectionTests.xctest */,
			);
			name = Products;
			sourceTree = "<group>";
		};
		5B19B259208C7C11002FF670 /* Collection */ = {
			isa = PBXGroup;
			children = (
				5B19B25A208C7C11002FF670 /* AppDelegate.swift */,
				5B19B25C208C7C11002FF670 /* ViewController.swift */,
				5B3750722096A8D100276E40 /* SliderCell.swift */,
				5B37507820B1449800276E40 /* Collection */,
				5B19B25E208C7C11002FF670 /* Main.storyboard */,
				5B19B261208C7C11002FF670 /* Assets.xcassets */,
				5B19B263208C7C11002FF670 /* LaunchScreen.storyboard */,
				5B19B266208C7C11002FF670 /* Info.plist */,
			);
			path = Collection;
			sourceTree = "<group>";
		};
		5B19B26E208C7C11002FF670 /* CollectionTests */ = {
			isa = PBXGroup;
			children = (
				5B19B26F208C7C11002FF670 /* CollectionTests.swift */,
				5B19B271208C7C11002FF670 /* Info.plist */,
			);
			path = CollectionTests;
			sourceTree = "<group>";
		};
		5B37507820B1449800276E40 /* Collection */ = {
			isa = PBXGroup;
			children = (
				5B37507920B144A500276E40 /* Animator */,
				5B3750702090D52000276E40 /* CollectionLayout.swift */,
				5B19B27A208C7E3D002FF670 /* Collection.swift */,
				5B19B27C208CDCF7002FF670 /* CollectionCell.swift */,
				5B37507E20B1583300276E40 /* UIView+AnchorPoint.swift */,
			);
			path = Collection;
			sourceTree = "<group>";
		};
		5B37507920B144A500276E40 /* Animator */ = {
			isa = PBXGroup;
			children = (
				5B3750742096E3FC00276E40 /* CollectionAnimator.swift */,
				5B37507A20B1489800276E40 /* CubeAnimator.swift */,
				5B37507C20B14EC100276E40 /* ScaleAnimator.swift */,
			);
			path = Animator;
			sourceTree = "<group>";
		};
/* End PBXGroup section */

/* Begin PBXNativeTarget section */
		5B19B256208C7C11002FF670 /* Collection */ = {
			isa = PBXNativeTarget;
			buildConfigurationList = 5B19B274208C7C11002FF670 /* Build configuration list for PBXNativeTarget "Collection" */;
			buildPhases = (
				5B19B253208C7C11002FF670 /* Sources */,
				5B19B254208C7C11002FF670 /* Frameworks */,
				5B19B255208C7C11002FF670 /* Resources */,
			);
			buildRules = (
			);
			dependencies = (
			);
			name = Collection;
			productName = Collection;
			productReference = 5B19B257208C7C11002FF670 /* Collection.app */;
			productType = "com.apple.product-type.application";
		};
		5B19B26A208C7C11002FF670 /* CollectionTests */ = {
			isa = PBXNativeTarget;
			buildConfigurationList = 5B19B277208C7C11002FF670 /* Build configuration list for PBXNativeTarget "CollectionTests" */;
			buildPhases = (
				5B19B267208C7C11002FF670 /* Sources */,
				5B19B268208C7C11002FF670 /* Frameworks */,
				5B19B269208C7C11002FF670 /* Resources */,
			);
			buildRules = (
			);
			dependencies = (
				5B19B26D208C7C11002FF670 /* PBXTargetDependency */,
			);
			name = CollectionTests;
			productName = CollectionTests;
			productReference = 5B19B26B208C7C11002FF670 /* CollectionTests.xctest */;
			productType = "com.apple.product-type.bundle.unit-test";
		};
/* End PBXNativeTarget section */

/* Begin PBXProject section */
		5B19B24F208C7C11002FF670 /* Project object */ = {
			isa = PBXProject;
			attributes = {
				LastSwiftUpdateCheck = 0900;
				LastUpgradeCheck = 0900;
				ORGANIZATIONNAME = h.yamguchi;
				TargetAttributes = {
					5B19B256208C7C11002FF670 = {
						CreatedOnToolsVersion = 9.0;
						ProvisioningStyle = Automatic;
					};
					5B19B26A208C7C11002FF670 = {
						CreatedOnToolsVersion = 9.0;
						ProvisioningStyle = Automatic;
						TestTargetID = 5B19B256208C7C11002FF670;
					};
				};
			};
			buildConfigurationList = 5B19B252208C7C11002FF670 /* Build configuration list for PBXProject "Collection" */;
			compatibilityVersion = "Xcode 8.0";
			developmentRegion = en;
			hasScannedForEncodings = 0;
			knownRegions = (
				en,
				Base,
			);
			mainGroup = 5B19B24E208C7C11002FF670;
			productRefGroup = 5B19B258208C7C11002FF670 /* Products */;
			projectDirPath = "";
			projectRoot = "";
			targets = (
				5B19B256208C7C11002FF670 /* Collection */,
				5B19B26A208C7C11002FF670 /* CollectionTests */,
			);
		};
/* End PBXProject section */

/* Begin PBXResourcesBuildPhase section */
		5B19B255208C7C11002FF670 /* Resources */ = {
			isa = PBXResourcesBuildPhase;
			buildActionMask = 2147483647;
			files = (
				5B19B265208C7C11002FF670 /* LaunchScreen.storyboard in Resources */,
				5B19B262208C7C11002FF670 /* Assets.xcassets in Resources */,
				5B19B260208C7C11002FF670 /* Main.storyboard in Resources */,
			);
			runOnlyForDeploymentPostprocessing = 0;
		};
		5B19B269208C7C11002FF670 /* Resources */ = {
			isa = PBXResourcesBuildPhase;
			buildActionMask = 2147483647;
			files = (
			);
			runOnlyForDeploymentPostprocessing = 0;
		};
/* End PBXResourcesBuildPhase section */

/* Begin PBXSourcesBuildPhase section */
		5B19B253208C7C11002FF670 /* Sources */ = {
			isa = PBXSourcesBuildPhase;
			buildActionMask = 2147483647;
			files = (
				5B3750752096E3FC00276E40 /* CollectionAnimator.swift in Sources */,
				5B19B27B208C7E3D002FF670 /* Collection.swift in Sources */,
				5B37507F20B1583300276E40 /* UIView+AnchorPoint.swift in Sources */,
				5B19B25D208C7C11002FF670 /* ViewController.swift in Sources */,
				5B19B27D208CDCF7002FF670 /* CollectionCell.swift in Sources */,
				5B3750712090D52000276E40 /* CollectionLayout.swift in Sources */,
				5B37507D20B14EC100276E40 /* ScaleAnimator.swift in Sources */,
				5B3750732096A8D100276E40 /* SliderCell.swift in Sources */,
				5B19B25B208C7C11002FF670 /* AppDelegate.swift in Sources */,
				5B37507B20B1489800276E40 /* CubeAnimator.swift in Sources */,
			);
			runOnlyForDeploymentPostprocessing = 0;
		};
		5B19B267208C7C11002FF670 /* Sources */ = {
			isa = PBXSourcesBuildPhase;
			buildActionMask = 2147483647;
			files = (
				5B19B270208C7C11002FF670 /* CollectionTests.swift in Sources */,
			);
			runOnlyForDeploymentPostprocessing = 0;
		};
/* End PBXSourcesBuildPhase section */

/* Begin PBXTargetDependency section */
		5B19B26D208C7C11002FF670 /* PBXTargetDependency */ = {
			isa = PBXTargetDependency;
			target = 5B19B256208C7C11002FF670 /* Collection */;
			targetProxy = 5B19B26C208C7C11002FF670 /* PBXContainerItemProxy */;
		};
/* End PBXTargetDependency section */

/* Begin PBXVariantGroup section */
		5B19B25E208C7C11002FF670 /* Main.storyboard */ = {
			isa = PBXVariantGroup;
			children = (
				5B19B25F208C7C11002FF670 /* Base */,
			);
			name = Main.storyboard;
			sourceTree = "<group>";
		};
		5B19B263208C7C11002FF670 /* LaunchScreen.storyboard */ = {
			isa = PBXVariantGroup;
			children = (
				5B19B264208C7C11002FF670 /* Base */,
			);
			name = LaunchScreen.storyboard;
			sourceTree = "<group>";
		};
/* End PBXVariantGroup section */

/* Begin XCBuildConfiguration section */
		5B19B272208C7C11002FF670 /* Debug */ = {
			isa = XCBuildConfiguration;
			buildSettings = {
				ALWAYS_SEARCH_USER_PATHS = NO;
				CLANG_ANALYZER_NONNULL = YES;
				CLANG_ANALYZER_NUMBER_OBJECT_CONVERSION = YES_AGGRESSIVE;
				CLANG_CXX_LANGUAGE_STANDARD = "gnu++14";
				CLANG_CXX_LIBRARY = "libc++";
				CLANG_ENABLE_MODULES = YES;
				CLANG_ENABLE_OBJC_ARC = YES;
				CLANG_WARN_BLOCK_CAPTURE_AUTORELEASING = YES;
				CLANG_WARN_BOOL_CONVERSION = YES;
				CLANG_WARN_COMMA = YES;
				CLANG_WARN_CONSTANT_CONVERSION = YES;
				CLANG_WARN_DIRECT_OBJC_ISA_USAGE = YES_ERROR;
				CLANG_WARN_DOCUMENTATION_COMMENTS = YES;
				CLANG_WARN_EMPTY_BODY = YES;
				CLANG_WARN_ENUM_CONVERSION = YES;
				CLANG_WARN_INFINITE_RECURSION = YES;
				CLANG_WARN_INT_CONVERSION = YES;
				CLANG_WARN_NON_LITERAL_NULL_CONVERSION = YES;
				CLANG_WARN_OBJC_LITERAL_CONVERSION = YES;
				CLANG_WARN_OBJC_ROOT_CLASS = YES_ERROR;
				CLANG_WARN_RANGE_LOOP_ANALYSIS = YES;
				CLANG_WARN_STRICT_PROTOTYPES = YES;
				CLANG_WARN_SUSPICIOUS_MOVE = YES;
				CLANG_WARN_UNGUARDED_AVAILABILITY = YES_AGGRESSIVE;
				CLANG_WARN_UNREACHABLE_CODE = YES;
				CLANG_WARN__DUPLICATE_METHOD_MATCH = YES;
				CODE_SIGN_IDENTITY = "iPhone Developer";
				COPY_PHASE_STRIP = NO;
				DEBUG_INFORMATION_FORMAT = dwarf;
				ENABLE_STRICT_OBJC_MSGSEND = YES;
				ENABLE_TESTABILITY = YES;
				GCC_C_LANGUAGE_STANDARD = gnu11;
				GCC_DYNAMIC_NO_PIC = NO;
				GCC_NO_COMMON_BLOCKS = YES;
				GCC_OPTIMIZATION_LEVEL = 0;
				GCC_PREPROCESSOR_DEFINITIONS = (
					"DEBUG=1",
					"$(inherited)",
				);
				GCC_WARN_64_TO_32_BIT_CONVERSION = YES;
				GCC_WARN_ABOUT_RETURN_TYPE = YES_ERROR;
				GCC_WARN_UNDECLARED_SELECTOR = YES;
				GCC_WARN_UNINITIALIZED_AUTOS = YES_AGGRESSIVE;
				GCC_WARN_UNUSED_FUNCTION = YES;
				GCC_WARN_UNUSED_VARIABLE = YES;
				IPHONEOS_DEPLOYMENT_TARGET = 9.0;
				MTL_ENABLE_DEBUG_INFO = YES;
				ONLY_ACTIVE_ARCH = YES;
				SDKROOT = iphoneos;
				SWIFT_ACTIVE_COMPILATION_CONDITIONS = DEBUG;
				SWIFT_OPTIMIZATION_LEVEL = "-Onone";
			};
			name = Debug;
		};
		5B19B273208C7C11002FF670 /* Release */ = {
			isa = XCBuildConfiguration;
			buildSettings = {
				ALWAYS_SEARCH_USER_PATHS = NO;
				CLANG_ANALYZER_NONNULL = YES;
				CLANG_ANALYZER_NUMBER_OBJECT_CONVERSION = YES_AGGRESSIVE;
				CLANG_CXX_LANGUAGE_STANDARD = "gnu++14";
				CLANG_CXX_LIBRARY = "libc++";
				CLANG_ENABLE_MODULES = YES;
				CLANG_ENABLE_OBJC_ARC = YES;
				CLANG_WARN_BLOCK_CAPTURE_AUTORELEASING = YES;
				CLANG_WARN_BOOL_CONVERSION = YES;
				CLANG_WARN_COMMA = YES;
				CLANG_WARN_CONSTANT_CONVERSION = YES;
				CLANG_WARN_DIRECT_OBJC_ISA_USAGE = YES_ERROR;
				CLANG_WARN_DOCUMENTATION_COMMENTS = YES;
				CLANG_WARN_EMPTY_BODY = YES;
				CLANG_WARN_ENUM_CONVERSION = YES;
				CLANG_WARN_INFINITE_RECURSION = YES;
				CLANG_WARN_INT_CONVERSION = YES;
				CLANG_WARN_NON_LITERAL_NULL_CONVERSION = YES;
				CLANG_WARN_OBJC_LITERAL_CONVERSION = YES;
				CLANG_WARN_OBJC_ROOT_CLASS = YES_ERROR;
				CLANG_WARN_RANGE_LOOP_ANALYSIS = YES;
				CLANG_WARN_STRICT_PROTOTYPES = YES;
				CLANG_WARN_SUSPICIOUS_MOVE = YES;
				CLANG_WARN_UNGUARDED_AVAILABILITY = YES_AGGRESSIVE;
				CLANG_WARN_UNREACHABLE_CODE = YES;
				CLANG_WARN__DUPLICATE_METHOD_MATCH = YES;
				CODE_SIGN_IDENTITY = "iPhone Developer";
				COPY_PHASE_STRIP = NO;
				DEBUG_INFORMATION_FORMAT = "dwarf-with-dsym";
				ENABLE_NS_ASSERTIONS = NO;
				ENABLE_STRICT_OBJC_MSGSEND = YES;
				GCC_C_LANGUAGE_STANDARD = gnu11;
				GCC_NO_COMMON_BLOCKS = YES;
				GCC_WARN_64_TO_32_BIT_CONVERSION = YES;
				GCC_WARN_ABOUT_RETURN_TYPE = YES_ERROR;
				GCC_WARN_UNDECLARED_SELECTOR = YES;
				GCC_WARN_UNINITIALIZED_AUTOS = YES_AGGRESSIVE;
				GCC_WARN_UNUSED_FUNCTION = YES;
				GCC_WARN_UNUSED_VARIABLE = YES;
				IPHONEOS_DEPLOYMENT_TARGET = 9.0;
				MTL_ENABLE_DEBUG_INFO = NO;
				SDKROOT = iphoneos;
				SWIFT_OPTIMIZATION_LEVEL = "-Owholemodule";
				VALIDATE_PRODUCT = YES;
			};
			name = Release;
		};
		5B19B275208C7C11002FF670 /* Debug */ = {
			isa = XCBuildConfiguration;
			buildSettings = {
				ASSETCATALOG_COMPILER_APPICON_NAME = AppIcon;
				CODE_SIGN_STYLE = Automatic;
				DEVELOPMENT_TEAM = 853S365UM8;
				INFOPLIST_FILE = Collection/Info.plist;
				LD_RUNPATH_SEARCH_PATHS = "$(inherited) @executable_path/Frameworks";
				PRODUCT_BUNDLE_IDENTIFIER = jp.yhryk.Collection;
				PRODUCT_NAME = "$(TARGET_NAME)";
				SWIFT_VERSION = 4.0;
				TARGETED_DEVICE_FAMILY = "1,2";
			};
			name = Debug;
		};
		5B19B276208C7C11002FF670 /* Release */ = {
			isa = XCBuildConfiguration;
			buildSettings = {
				ASSETCATALOG_COMPILER_APPICON_NAME = AppIcon;
				CODE_SIGN_STYLE = Automatic;
				DEVELOPMENT_TEAM = 853S365UM8;
				INFOPLIST_FILE = Collection/Info.plist;
				LD_RUNPATH_SEARCH_PATHS = "$(inherited) @executable_path/Frameworks";
				PRODUCT_BUNDLE_IDENTIFIER = jp.yhryk.Collection;
				PRODUCT_NAME = "$(TARGET_NAME)";
				SWIFT_VERSION = 4.0;
				TARGETED_DEVICE_FAMILY = "1,2";
			};
			name = Release;
		};
		5B19B278208C7C11002FF670 /* Debug */ = {
			isa = XCBuildConfiguration;
			buildSettings = {
				ALWAYS_EMBED_SWIFT_STANDARD_LIBRARIES = YES;
				BUNDLE_LOADER = "$(TEST_HOST)";
				CODE_SIGN_STYLE = Automatic;
				INFOPLIST_FILE = CollectionTests/Info.plist;
				LD_RUNPATH_SEARCH_PATHS = "$(inherited) @executable_path/Frameworks @loader_path/Frameworks";
				PRODUCT_BUNDLE_IDENTIFIER = jp.yhryk.CollectionTests;
				PRODUCT_NAME = "$(TARGET_NAME)";
				SWIFT_VERSION = 4.0;
				TARGETED_DEVICE_FAMILY = "1,2";
				TEST_HOST = "$(BUILT_PRODUCTS_DIR)/Collection.app/Collection";
			};
			name = Debug;
		};
		5B19B279208C7C11002FF670 /* Release */ = {
			isa = XCBuildConfiguration;
			buildSettings = {
				ALWAYS_EMBED_SWIFT_STANDARD_LIBRARIES = YES;
				BUNDLE_LOADER = "$(TEST_HOST)";
				CODE_SIGN_STYLE = Automatic;
				INFOPLIST_FILE = CollectionTests/Info.plist;
				LD_RUNPATH_SEARCH_PATHS = "$(inherited) @executable_path/Frameworks @loader_path/Frameworks";
				PRODUCT_BUNDLE_IDENTIFIER = jp.yhryk.CollectionTests;
				PRODUCT_NAME = "$(TARGET_NAME)";
				SWIFT_VERSION = 4.0;
				TARGETED_DEVICE_FAMILY = "1,2";
				TEST_HOST = "$(BUILT_PRODUCTS_DIR)/Collection.app/Collection";
			};
			name = Release;
		};
/* End XCBuildConfiguration section */

/* Begin XCConfigurationList section */
		5B19B252208C7C11002FF670 /* Build configuration list for PBXProject "Collection" */ = {
			isa = XCConfigurationList;
			buildConfigurations = (
				5B19B272208C7C11002FF670 /* Debug */,
				5B19B273208C7C11002FF670 /* Release */,
			);
			defaultConfigurationIsVisible = 0;
			defaultConfigurationName = Release;
		};
		5B19B274208C7C11002FF670 /* Build configuration list for PBXNativeTarget "Collection" */ = {
			isa = XCConfigurationList;
			buildConfigurations = (
				5B19B275208C7C11002FF670 /* Debug */,
				5B19B276208C7C11002FF670 /* Release */,
			);
			defaultConfigurationIsVisible = 0;
			defaultConfigurationName = Release;
		};
		5B19B277208C7C11002FF670 /* Build configuration list for PBXNativeTarget "CollectionTests" */ = {
			isa = XCConfigurationList;
			buildConfigurations = (
				5B19B278208C7C11002FF670 /* Debug */,
				5B19B279208C7C11002FF670 /* Release */,
			);
			defaultConfigurationIsVisible = 0;
			defaultConfigurationName = Release;
		};
/* End XCConfigurationList section */
	};
	rootObject = 5B19B24F208C7C11002FF670 /* Project object */;
}
